
Microsoft Visual Studio Solution File, Format Version 12.00
# Visual Studio 2013
VisualStudioVersion = 12.0.31101.0
MinimumVisualStudioVersion = 12.0
Project("{2150E333-8FDC-42A3-9474-1A3956D46DE8}") = "Package", "Package", "{C6F8F244-D951-4C76-A76B-B70584C3B998}"
EndProject
Project("{2150E333-8FDC-42A3-9474-1A3956D46DE8}") = "Sys", "Sys", "{405D1812-232B-4A28-8546-DB82A343E7EA}"
EndProject
Project("{2150E333-8FDC-42A3-9474-1A3956D46DE8}") = "Exe", "Exe", "{C9133956-C8AE-4875-8614-3A5FD87FDD14}"
EndProject
Project("{8BC9CEB8-8B4A-11D0-8D11-00A0C91BC942}") = "package", "Package\package.VcxProj", "{64239512-DEAE-43CB-98CD-138B1736E3D7}"
EndProject
Project("{8BC9CEB8-8B4A-11D0-8D11-00A0C91BC942}") = "markdrv", "sys\nonpnp.vcxproj", "{D9CEACE3-0124-4F6E-B0A0-897CA4D04A9F}"
EndProject
Project("{8BC9CEB8-8B4A-11D0-8D11-00A0C91BC942}") = "usermodesimulation", "usermodesimulation\usermodesimulation.vcxproj", "{D81B0FA6-4BFD-43D8-B6FF-64F6C91F2BDC}"
EndProject
Project("{8BC9CEB8-8B4A-11D0-8D11-00A0C91BC942}") = "dcomm", "dcomm\dcomm.vcxproj", "{335342DA-22A2-40C3-B4CA-2F1D50D48BE6}"
EndProject
Project("{FAE04EC0-301F-11D3-BF4B-00C04F79EFBC}") = "eventz", "..\C#\eventz\eventz.csproj", "{177692F4-2DBC-4738-AE4A-FFB82126FF99}"
EndProject
Project("{FAE04EC0-301F-11D3-BF4B-00C04F79EFBC}") = "PSTaskDialog", "..\..\..\..\..\..\Documents\Visual Studio 2013\Projects\dmark\C#\PSTaskDialog\PSTaskDialog\PSTaskDialog.csproj", "{0253E98B-6374-48AA-8740-89BC2939FF77}"
EndProject
Global
	GlobalSection(SolutionConfigurationPlatforms) = preSolution
		Debug|Any CPU = Debug|Any CPU
		Debug|Mixed Platforms = Debug|Mixed Platforms
		Debug|Win32 = Debug|Win32
		Debug|x64 = Debug|x64
		Release|Any CPU = Release|Any CPU
		Release|Mixed Platforms = Release|Mixed Platforms
		Release|Win32 = Release|Win32
		Release|x64 = Release|x64
		Win7 Debug|Any CPU = Win7 Debug|Any CPU
		Win7 Debug|Mixed Platforms = Win7 Debug|Mixed Platforms
		Win7 Debug|Win32 = Win7 Debug|Win32
		Win7 Debug|x64 = Win7 Debug|x64
		Win7 Release|Any CPU = Win7 Release|Any CPU
		Win7 Release|Mixed Platforms = Win7 Release|Mixed Platforms
		Win7 Release|Win32 = Win7 Release|Win32
		Win7 Release|x64 = Win7 Release|x64
		Win8 Debug|Any CPU = Win8 Debug|Any CPU
		Win8 Debug|Mixed Platforms = Win8 Debug|Mixed Platforms
		Win8 Debug|Win32 = Win8 Debug|Win32
		Win8 Debug|x64 = Win8 Debug|x64
		Win8 Release|Any CPU = Win8 Release|Any CPU
		Win8 Release|Mixed Platforms = Win8 Release|Mixed Platforms
		Win8 Release|Win32 = Win8 Release|Win32
		Win8 Release|x64 = Win8 Release|x64
		Win8.1 Debug|Any CPU = Win8.1 Debug|Any CPU
		Win8.1 Debug|Mixed Platforms = Win8.1 Debug|Mixed Platforms
		Win8.1 Debug|Win32 = Win8.1 Debug|Win32
		Win8.1 Debug|x64 = Win8.1 Debug|x64
		Win8.1 Release|Any CPU = Win8.1 Release|Any CPU
		Win8.1 Release|Mixed Platforms = Win8.1 Release|Mixed Platforms
		Win8.1 Release|Win32 = Win8.1 Release|Win32
		Win8.1 Release|x64 = Win8.1 Release|x64
	EndGlobalSection
	GlobalSection(ProjectConfigurationPlatforms) = postSolution
		{64239512-DEAE-43CB-98CD-138B1736E3D7}.Debug|Any CPU.ActiveCfg = Win8 Debug|Win32
		{64239512-DEAE-43CB-98CD-138B1736E3D7}.Debug|Mixed Platforms.ActiveCfg = Win8 Debug|Win32
		{64239512-DEAE-43CB-98CD-138B1736E3D7}.Debug|Mixed Platforms.Build.0 = Win8 Debug|Win32
		{64239512-DEAE-43CB-98CD-138B1736E3D7}.Debug|Mixed Platforms.Deploy.0 = Win8 Debug|Win32
		{64239512-DEAE-43CB-98CD-138B1736E3D7}.Debug|Win32.ActiveCfg = Win8.1 Debug|Win32
		{64239512-DEAE-43CB-98CD-138B1736E3D7}.Debug|Win32.Build.0 = Win8.1 Debug|Win32
		{64239512-DEAE-43CB-98CD-138B1736E3D7}.Debug|x64.ActiveCfg = Win8.1 Debug|x64
		{64239512-DEAE-43CB-98CD-138B1736E3D7}.Debug|x64.Build.0 = Win8.1 Debug|x64
		{64239512-DEAE-43CB-98CD-138B1736E3D7}.Debug|x64.Deploy.0 = Win8.1 Debug|x64
		{64239512-DEAE-43CB-98CD-138B1736E3D7}.Release|Any CPU.ActiveCfg = Win8 Release|Win32
		{64239512-DEAE-43CB-98CD-138B1736E3D7}.Release|Mixed Platforms.ActiveCfg = Win8 Release|Win32
		{64239512-DEAE-43CB-98CD-138B1736E3D7}.Release|Mixed Platforms.Build.0 = Win8 Release|Win32
		{64239512-DEAE-43CB-98CD-138B1736E3D7}.Release|Mixed Platforms.Deploy.0 = Win8 Release|Win32
		{64239512-DEAE-43CB-98CD-138B1736E3D7}.Release|Win32.ActiveCfg = Win8.1 Release|Win32
		{64239512-DEAE-43CB-98CD-138B1736E3D7}.Release|Win32.Build.0 = Win8.1 Release|Win32
		{64239512-DEAE-43CB-98CD-138B1736E3D7}.Release|x64.ActiveCfg = Win8.1 Release|x64
		{64239512-DEAE-43CB-98CD-138B1736E3D7}.Release|x64.Build.0 = Win8.1 Release|x64
		{64239512-DEAE-43CB-98CD-138B1736E3D7}.Release|x64.Deploy.0 = Win8.1 Release|x64
		{64239512-DEAE-43CB-98CD-138B1736E3D7}.Win7 Debug|Any CPU.ActiveCfg = Win7 Debug|Win32
		{64239512-DEAE-43CB-98CD-138B1736E3D7}.Win7 Debug|Mixed Platforms.ActiveCfg = Win7 Debug|Win32
		{64239512-DEAE-43CB-98CD-138B1736E3D7}.Win7 Debug|Mixed Platforms.Build.0 = Win7 Debug|Win32
		{64239512-DEAE-43CB-98CD-138B1736E3D7}.Win7 Debug|Mixed Platforms.Deploy.0 = Win7 Debug|Win32
		{64239512-DEAE-43CB-98CD-138B1736E3D7}.Win7 Debug|Win32.ActiveCfg = Win7 Debug|Win32
		{64239512-DEAE-43CB-98CD-138B1736E3D7}.Win7 Debug|Win32.Build.0 = Win7 Debug|Win32
		{64239512-DEAE-43CB-98CD-138B1736E3D7}.Win7 Debug|x64.ActiveCfg = Win7 Debug|x64
		{64239512-DEAE-43CB-98CD-138B1736E3D7}.Win7 Debug|x64.Build.0 = Win7 Debug|x64
		{64239512-DEAE-43CB-98CD-138B1736E3D7}.Win7 Release|Any CPU.ActiveCfg = Win7 Release|Win32
		{64239512-DEAE-43CB-98CD-138B1736E3D7}.Win7 Release|Mixed Platforms.ActiveCfg = Win7 Release|Win32
		{64239512-DEAE-43CB-98CD-138B1736E3D7}.Win7 Release|Mixed Platforms.Build.0 = Win7 Release|Win32
		{64239512-DEAE-43CB-98CD-138B1736E3D7}.Win7 Release|Mixed Platforms.Deploy.0 = Win7 Release|Win32
		{64239512-DEAE-43CB-98CD-138B1736E3D7}.Win7 Release|Win32.ActiveCfg = Win7 Release|Win32
		{64239512-DEAE-43CB-98CD-138B1736E3D7}.Win7 Release|Win32.Build.0 = Win7 Release|Win32
		{64239512-DEAE-43CB-98CD-138B1736E3D7}.Win7 Release|x64.ActiveCfg = Win7 Release|x64
		{64239512-DEAE-43CB-98CD-138B1736E3D7}.Win7 Release|x64.Build.0 = Win7 Release|x64
		{64239512-DEAE-43CB-98CD-138B1736E3D7}.Win8 Debug|Any CPU.ActiveCfg = Win8 Debug|Win32
		{64239512-DEAE-43CB-98CD-138B1736E3D7}.Win8 Debug|Mixed Platforms.ActiveCfg = Win8 Debug|Win32
		{64239512-DEAE-43CB-98CD-138B1736E3D7}.Win8 Debug|Mixed Platforms.Build.0 = Win8 Debug|Win32
		{64239512-DEAE-43CB-98CD-138B1736E3D7}.Win8 Debug|Mixed Platforms.Deploy.0 = Win8 Debug|Win32
		{64239512-DEAE-43CB-98CD-138B1736E3D7}.Win8 Debug|Win32.ActiveCfg = Win8 Debug|Win32
		{64239512-DEAE-43CB-98CD-138B1736E3D7}.Win8 Debug|Win32.Build.0 = Win8 Debug|Win32
		{64239512-DEAE-43CB-98CD-138B1736E3D7}.Win8 Debug|x64.ActiveCfg = Win8 Debug|x64
		{64239512-DEAE-43CB-98CD-138B1736E3D7}.Win8 Debug|x64.Build.0 = Win8 Debug|x64
		{64239512-DEAE-43CB-98CD-138B1736E3D7}.Win8 Release|Any CPU.ActiveCfg = Win8 Release|Win32
		{64239512-DEAE-43CB-98CD-138B1736E3D7}.Win8 Release|Mixed Platforms.ActiveCfg = Win8 Release|Win32
		{64239512-DEAE-43CB-98CD-138B1736E3D7}.Win8 Release|Mixed Platforms.Build.0 = Win8 Release|Win32
		{64239512-DEAE-43CB-98CD-138B1736E3D7}.Win8 Release|Mixed Platforms.Deploy.0 = Win8 Release|Win32
		{64239512-DEAE-43CB-98CD-138B1736E3D7}.Win8 Release|Win32.ActiveCfg = Win8 Release|Win32
		{64239512-DEAE-43CB-98CD-138B1736E3D7}.Win8 Release|Win32.Build.0 = Win8 Release|Win32
		{64239512-DEAE-43CB-98CD-138B1736E3D7}.Win8 Release|x64.ActiveCfg = Win8 Release|x64
		{64239512-DEAE-43CB-98CD-138B1736E3D7}.Win8 Release|x64.Build.0 = Win8 Release|x64
		{64239512-DEAE-43CB-98CD-138B1736E3D7}.Win8.1 Debug|Any CPU.ActiveCfg = Win8.1 Debug|Win32
		{64239512-DEAE-43CB-98CD-138B1736E3D7}.Win8.1 Debug|Mixed Platforms.ActiveCfg = Win8.1 Debug|Win32
		{64239512-DEAE-43CB-98CD-138B1736E3D7}.Win8.1 Debug|Mixed Platforms.Build.0 = Win8.1 Debug|Win32
		{64239512-DEAE-43CB-98CD-138B1736E3D7}.Win8.1 Debug|Mixed Platforms.Deploy.0 = Win8.1 Debug|Win32
		{64239512-DEAE-43CB-98CD-138B1736E3D7}.Win8.1 Debug|Win32.ActiveCfg = Win8.1 Debug|Win32
		{64239512-DEAE-43CB-98CD-138B1736E3D7}.Win8.1 Debug|Win32.Build.0 = Win8.1 Debug|Win32
		{64239512-DEAE-43CB-98CD-138B1736E3D7}.Win8.1 Debug|x64.ActiveCfg = Win8.1 Debug|x64
		{64239512-DEAE-43CB-98CD-138B1736E3D7}.Win8.1 Debug|x64.Build.0 = Win8.1 Debug|x64
		{64239512-DEAE-43CB-98CD-138B1736E3D7}.Win8.1 Release|Any CPU.ActiveCfg = Win8.1 Release|Win32
		{64239512-DEAE-43CB-98CD-138B1736E3D7}.Win8.1 Release|Mixed Platforms.ActiveCfg = Win8.1 Release|Win32
		{64239512-DEAE-43CB-98CD-138B1736E3D7}.Win8.1 Release|Mixed Platforms.Build.0 = Win8.1 Release|Win32
		{64239512-DEAE-43CB-98CD-138B1736E3D7}.Win8.1 Release|Mixed Platforms.Deploy.0 = Win8.1 Release|Win32
		{64239512-DEAE-43CB-98CD-138B1736E3D7}.Win8.1 Release|Win32.ActiveCfg = Win8.1 Release|Win32
		{64239512-DEAE-43CB-98CD-138B1736E3D7}.Win8.1 Release|Win32.Build.0 = Win8.1 Release|Win32
		{64239512-DEAE-43CB-98CD-138B1736E3D7}.Win8.1 Release|x64.ActiveCfg = Win8.1 Release|x64
		{64239512-DEAE-43CB-98CD-138B1736E3D7}.Win8.1 Release|x64.Build.0 = Win8.1 Release|x64
		{D9CEACE3-0124-4F6E-B0A0-897CA4D04A9F}.Debug|Any CPU.ActiveCfg = Win8 Debug|Win32
		{D9CEACE3-0124-4F6E-B0A0-897CA4D04A9F}.Debug|Mixed Platforms.ActiveCfg = Win8 Debug|Win32
		{D9CEACE3-0124-4F6E-B0A0-897CA4D04A9F}.Debug|Mixed Platforms.Build.0 = Win8 Debug|Win32
		{D9CEACE3-0124-4F6E-B0A0-897CA4D04A9F}.Debug|Mixed Platforms.Deploy.0 = Win8 Debug|Win32
		{D9CEACE3-0124-4F6E-B0A0-897CA4D04A9F}.Debug|Win32.ActiveCfg = Win8.1 Debug|Win32
		{D9CEACE3-0124-4F6E-B0A0-897CA4D04A9F}.Debug|Win32.Build.0 = Win8.1 Debug|Win32
		{D9CEACE3-0124-4F6E-B0A0-897CA4D04A9F}.Debug|x64.ActiveCfg = Win8.1 Debug|x64
		{D9CEACE3-0124-4F6E-B0A0-897CA4D04A9F}.Debug|x64.Build.0 = Win8.1 Debug|x64
		{D9CEACE3-0124-4F6E-B0A0-897CA4D04A9F}.Debug|x64.Deploy.0 = Win8.1 Debug|x64
		{D9CEACE3-0124-4F6E-B0A0-897CA4D04A9F}.Release|Any CPU.ActiveCfg = Win8 Release|Win32
		{D9CEACE3-0124-4F6E-B0A0-897CA4D04A9F}.Release|Mixed Platforms.ActiveCfg = Win8 Release|Win32
		{D9CEACE3-0124-4F6E-B0A0-897CA4D04A9F}.Release|Mixed Platforms.Build.0 = Win8 Release|Win32
		{D9CEACE3-0124-4F6E-B0A0-897CA4D04A9F}.Release|Mixed Platforms.Deploy.0 = Win8 Release|Win32
		{D9CEACE3-0124-4F6E-B0A0-897CA4D04A9F}.Release|Win32.ActiveCfg = Win8.1 Release|Win32
		{D9CEACE3-0124-4F6E-B0A0-897CA4D04A9F}.Release|Win32.Build.0 = Win8.1 Release|Win32
		{D9CEACE3-0124-4F6E-B0A0-897CA4D04A9F}.Release|x64.ActiveCfg = Win8.1 Release|x64
		{D9CEACE3-0124-4F6E-B0A0-897CA4D04A9F}.Release|x64.Build.0 = Win8.1 Release|x64
		{D9CEACE3-0124-4F6E-B0A0-897CA4D04A9F}.Release|x64.Deploy.0 = Win8.1 Release|x64
		{D9CEACE3-0124-4F6E-B0A0-897CA4D04A9F}.Win7 Debug|Any CPU.ActiveCfg = Win7 Debug|Win32
		{D9CEACE3-0124-4F6E-B0A0-897CA4D04A9F}.Win7 Debug|Mixed Platforms.ActiveCfg = Win7 Debug|Win32
		{D9CEACE3-0124-4F6E-B0A0-897CA4D04A9F}.Win7 Debug|Mixed Platforms.Build.0 = Win7 Debug|Win32
		{D9CEACE3-0124-4F6E-B0A0-897CA4D04A9F}.Win7 Debug|Mixed Platforms.Deploy.0 = Win7 Debug|Win32
		{D9CEACE3-0124-4F6E-B0A0-897CA4D04A9F}.Win7 Debug|Win32.ActiveCfg = Win7 Debug|Win32
		{D9CEACE3-0124-4F6E-B0A0-897CA4D04A9F}.Win7 Debug|Win32.Build.0 = Win7 Debug|Win32
		{D9CEACE3-0124-4F6E-B0A0-897CA4D04A9F}.Win7 Debug|x64.ActiveCfg = Win7 Debug|x64
		{D9CEACE3-0124-4F6E-B0A0-897CA4D04A9F}.Win7 Debug|x64.Build.0 = Win7 Debug|x64
		{D9CEACE3-0124-4F6E-B0A0-897CA4D04A9F}.Win7 Release|Any CPU.ActiveCfg = Win7 Release|Win32
		{D9CEACE3-0124-4F6E-B0A0-897CA4D04A9F}.Win7 Release|Mixed Platforms.ActiveCfg = Win7 Release|Win32
		{D9CEACE3-0124-4F6E-B0A0-897CA4D04A9F}.Win7 Release|Mixed Platforms.Build.0 = Win7 Release|Win32
		{D9CEACE3-0124-4F6E-B0A0-897CA4D04A9F}.Win7 Release|Mixed Platforms.Deploy.0 = Win7 Release|Win32
		{D9CEACE3-0124-4F6E-B0A0-897CA4D04A9F}.Win7 Release|Win32.ActiveCfg = Win7 Release|Win32
		{D9CEACE3-0124-4F6E-B0A0-897CA4D04A9F}.Win7 Release|Win32.Build.0 = Win7 Release|Win32
		{D9CEACE3-0124-4F6E-B0A0-897CA4D04A9F}.Win7 Release|x64.ActiveCfg = Win7 Release|x64
		{D9CEACE3-0124-4F6E-B0A0-897CA4D04A9F}.Win7 Release|x64.Build.0 = Win7 Release|x64
		{D9CEACE3-0124-4F6E-B0A0-897CA4D04A9F}.Win8 Debug|Any CPU.ActiveCfg = Win8 Debug|Win32
		{D9CEACE3-0124-4F6E-B0A0-897CA4D04A9F}.Win8 Debug|Mixed Platforms.ActiveCfg = Win8 Debug|Win32
		{D9CEACE3-0124-4F6E-B0A0-897CA4D04A9F}.Win8 Debug|Mixed Platforms.Build.0 = Win8 Debug|Win32
		{D9CEACE3-0124-4F6E-B0A0-897CA4D04A9F}.Win8 Debug|Mixed Platforms.Deploy.0 = Win8 Debug|Win32
		{D9CEACE3-0124-4F6E-B0A0-897CA4D04A9F}.Win8 Debug|Win32.ActiveCfg = Win8 Debug|Win32
		{D9CEACE3-0124-4F6E-B0A0-897CA4D04A9F}.Win8 Debug|Win32.Build.0 = Win8 Debug|Win32
		{D9CEACE3-0124-4F6E-B0A0-897CA4D04A9F}.Win8 Debug|x64.ActiveCfg = Win8 Debug|x64
		{D9CEACE3-0124-4F6E-B0A0-897CA4D04A9F}.Win8 Debug|x64.Build.0 = Win8 Debug|x64
		{D9CEACE3-0124-4F6E-B0A0-897CA4D04A9F}.Win8 Release|Any CPU.ActiveCfg = Win8 Release|Win32
		{D9CEACE3-0124-4F6E-B0A0-897CA4D04A9F}.Win8 Release|Mixed Platforms.ActiveCfg = Win8 Release|Win32
		{D9CEACE3-0124-4F6E-B0A0-897CA4D04A9F}.Win8 Release|Mixed Platforms.Build.0 = Win8 Release|Win32
		{D9CEACE3-0124-4F6E-B0A0-897CA4D04A9F}.Win8 Release|Mixed Platforms.Deploy.0 = Win8 Release|Win32
		{D9CEACE3-0124-4F6E-B0A0-897CA4D04A9F}.Win8 Release|Win32.ActiveCfg = Win8 Release|Win32
		{D9CEACE3-0124-4F6E-B0A0-897CA4D04A9F}.Win8 Release|Win32.Build.0 = Win8 Release|Win32
		{D9CEACE3-0124-4F6E-B0A0-897CA4D04A9F}.Win8 Release|x64.ActiveCfg = Win8 Release|x64
		{D9CEACE3-0124-4F6E-B0A0-897CA4D04A9F}.Win8 Release|x64.Build.0 = Win8 Release|x64
		{D9CEACE3-0124-4F6E-B0A0-897CA4D04A9F}.Win8.1 Debug|Any CPU.ActiveCfg = Win8.1 Debug|Win32
		{D9CEACE3-0124-4F6E-B0A0-897CA4D04A9F}.Win8.1 Debug|Mixed Platforms.ActiveCfg = Win8.1 Debug|Win32
		{D9CEACE3-0124-4F6E-B0A0-897CA4D04A9F}.Win8.1 Debug|Mixed Platforms.Build.0 = Win8.1 Debug|Win32
		{D9CEACE3-0124-4F6E-B0A0-897CA4D04A9F}.Win8.1 Debug|Mixed Platforms.Deploy.0 = Win8.1 Debug|Win32
		{D9CEACE3-0124-4F6E-B0A0-897CA4D04A9F}.Win8.1 Debug|Win32.ActiveCfg = Win8.1 Debug|Win32
		{D9CEACE3-0124-4F6E-B0A0-897CA4D04A9F}.Win8.1 Debug|Win32.Build.0 = Win8.1 Debug|Win32
		{D9CEACE3-0124-4F6E-B0A0-897CA4D04A9F}.Win8.1 Debug|x64.ActiveCfg = Win8.1 Debug|x64
		{D9CEACE3-0124-4F6E-B0A0-897CA4D04A9F}.Win8.1 Debug|x64.Build.0 = Win8.1 Debug|x64
		{D9CEACE3-0124-4F6E-B0A0-897CA4D04A9F}.Win8.1 Release|Any CPU.ActiveCfg = Win8.1 Release|Win32
		{D9CEACE3-0124-4F6E-B0A0-897CA4D04A9F}.Win8.1 Release|Mixed Platforms.ActiveCfg = Win8.1 Release|Win32
		{D9CEACE3-0124-4F6E-B0A0-897CA4D04A9F}.Win8.1 Release|Mixed Platforms.Build.0 = Win8.1 Release|Win32
		{D9CEACE3-0124-4F6E-B0A0-897CA4D04A9F}.Win8.1 Release|Mixed Platforms.Deploy.0 = Win8.1 Release|Win32
		{D9CEACE3-0124-4F6E-B0A0-897CA4D04A9F}.Win8.1 Release|Win32.ActiveCfg = Win8.1 Release|Win32
		{D9CEACE3-0124-4F6E-B0A0-897CA4D04A9F}.Win8.1 Release|Win32.Build.0 = Win8.1 Release|Win32
		{D9CEACE3-0124-4F6E-B0A0-897CA4D04A9F}.Win8.1 Release|x64.ActiveCfg = Win8.1 Release|x64
		{D9CEACE3-0124-4F6E-B0A0-897CA4D04A9F}.Win8.1 Release|x64.Build.0 = Win8.1 Release|x64
		{D81B0FA6-4BFD-43D8-B6FF-64F6C91F2BDC}.Debug|Any CPU.ActiveCfg = Debug|Win32
		{D81B0FA6-4BFD-43D8-B6FF-64F6C91F2BDC}.Debug|Mixed Platforms.ActiveCfg = Debug|Win32
		{D81B0FA6-4BFD-43D8-B6FF-64F6C91F2BDC}.Debug|Mixed Platforms.Build.0 = Debug|Win32
		{D81B0FA6-4BFD-43D8-B6FF-64F6C91F2BDC}.Debug|Mixed Platforms.Deploy.0 = Debug|Win32
		{D81B0FA6-4BFD-43D8-B6FF-64F6C91F2BDC}.Debug|Win32.ActiveCfg = Debug|Win32
		{D81B0FA6-4BFD-43D8-B6FF-64F6C91F2BDC}.Debug|Win32.Build.0 = Debug|Win32
		{D81B0FA6-4BFD-43D8-B6FF-64F6C91F2BDC}.Debug|x64.ActiveCfg = Debug|Win32
		{D81B0FA6-4BFD-43D8-B6FF-64F6C91F2BDC}.Release|Any CPU.ActiveCfg = Release|Win32
		{D81B0FA6-4BFD-43D8-B6FF-64F6C91F2BDC}.Release|Mixed Platforms.ActiveCfg = Release|Win32
		{D81B0FA6-4BFD-43D8-B6FF-64F6C91F2BDC}.Release|Mixed Platforms.Build.0 = Release|Win32
		{D81B0FA6-4BFD-43D8-B6FF-64F6C91F2BDC}.Release|Mixed Platforms.Deploy.0 = Release|Win32
		{D81B0FA6-4BFD-43D8-B6FF-64F6C91F2BDC}.Release|Win32.ActiveCfg = Release|Win32
		{D81B0FA6-4BFD-43D8-B6FF-64F6C91F2BDC}.Release|Win32.Build.0 = Release|Win32
		{D81B0FA6-4BFD-43D8-B6FF-64F6C91F2BDC}.Release|x64.ActiveCfg = Release|Win32
		{D81B0FA6-4BFD-43D8-B6FF-64F6C91F2BDC}.Win7 Debug|Any CPU.ActiveCfg = Debug|Win32
		{D81B0FA6-4BFD-43D8-B6FF-64F6C91F2BDC}.Win7 Debug|Mixed Platforms.ActiveCfg = Debug|Win32
		{D81B0FA6-4BFD-43D8-B6FF-64F6C91F2BDC}.Win7 Debug|Mixed Platforms.Build.0 = Debug|Win32
		{D81B0FA6-4BFD-43D8-B6FF-64F6C91F2BDC}.Win7 Debug|Mixed Platforms.Deploy.0 = Debug|Win32
		{D81B0FA6-4BFD-43D8-B6FF-64F6C91F2BDC}.Win7 Debug|Win32.ActiveCfg = Debug|Win32
		{D81B0FA6-4BFD-43D8-B6FF-64F6C91F2BDC}.Win7 Debug|Win32.Build.0 = Debug|Win32
		{D81B0FA6-4BFD-43D8-B6FF-64F6C91F2BDC}.Win7 Debug|x64.ActiveCfg = Debug|Win32
		{D81B0FA6-4BFD-43D8-B6FF-64F6C91F2BDC}.Win7 Release|Any CPU.ActiveCfg = Release|Win32
		{D81B0FA6-4BFD-43D8-B6FF-64F6C91F2BDC}.Win7 Release|Mixed Platforms.ActiveCfg = Release|Win32
		{D81B0FA6-4BFD-43D8-B6FF-64F6C91F2BDC}.Win7 Release|Mixed Platforms.Build.0 = Release|Win32
		{D81B0FA6-4BFD-43D8-B6FF-64F6C91F2BDC}.Win7 Release|Mixed Platforms.Deploy.0 = Release|Win32
		{D81B0FA6-4BFD-43D8-B6FF-64F6C91F2BDC}.Win7 Release|Win32.ActiveCfg = Release|Win32
		{D81B0FA6-4BFD-43D8-B6FF-64F6C91F2BDC}.Win7 Release|Win32.Build.0 = Release|Win32
		{D81B0FA6-4BFD-43D8-B6FF-64F6C91F2BDC}.Win7 Release|x64.ActiveCfg = Release|Win32
		{D81B0FA6-4BFD-43D8-B6FF-64F6C91F2BDC}.Win8 Debug|Any CPU.ActiveCfg = Debug|Win32
		{D81B0FA6-4BFD-43D8-B6FF-64F6C91F2BDC}.Win8 Debug|Mixed Platforms.ActiveCfg = Debug|Win32
		{D81B0FA6-4BFD-43D8-B6FF-64F6C91F2BDC}.Win8 Debug|Mixed Platforms.Build.0 = Debug|Win32
		{D81B0FA6-4BFD-43D8-B6FF-64F6C91F2BDC}.Win8 Debug|Mixed Platforms.Deploy.0 = Debug|Win32
		{D81B0FA6-4BFD-43D8-B6FF-64F6C91F2BDC}.Win8 Debug|Win32.ActiveCfg = Debug|Win32
		{D81B0FA6-4BFD-43D8-B6FF-64F6C91F2BDC}.Win8 Debug|Win32.Build.0 = Debug|Win32
		{D81B0FA6-4BFD-43D8-B6FF-64F6C91F2BDC}.Win8 Debug|x64.ActiveCfg = Debug|Win32
		{D81B0FA6-4BFD-43D8-B6FF-64F6C91F2BDC}.Win8 Release|Any CPU.ActiveCfg = Release|Win32
		{D81B0FA6-4BFD-43D8-B6FF-64F6C91F2BDC}.Win8 Release|Mixed Platforms.ActiveCfg = Release|Win32
		{D81B0FA6-4BFD-43D8-B6FF-64F6C91F2BDC}.Win8 Release|Mixed Platforms.Build.0 = Release|Win32
		{D81B0FA6-4BFD-43D8-B6FF-64F6C91F2BDC}.Win8 Release|Mixed Platforms.Deploy.0 = Release|Win32
		{D81B0FA6-4BFD-43D8-B6FF-64F6C91F2BDC}.Win8 Release|Win32.ActiveCfg = Release|Win32
		{D81B0FA6-4BFD-43D8-B6FF-64F6C91F2BDC}.Win8 Release|Win32.Build.0 = Release|Win32
		{D81B0FA6-4BFD-43D8-B6FF-64F6C91F2BDC}.Win8 Release|x64.ActiveCfg = Release|Win32
		{D81B0FA6-4BFD-43D8-B6FF-64F6C91F2BDC}.Win8.1 Debug|Any CPU.ActiveCfg = Debug|Win32
		{D81B0FA6-4BFD-43D8-B6FF-64F6C91F2BDC}.Win8.1 Debug|Mixed Platforms.ActiveCfg = Debug|Win32
		{D81B0FA6-4BFD-43D8-B6FF-64F6C91F2BDC}.Win8.1 Debug|Mixed Platforms.Build.0 = Debug|Win32
		{D81B0FA6-4BFD-43D8-B6FF-64F6C91F2BDC}.Win8.1 Debug|Mixed Platforms.Deploy.0 = Debug|Win32
		{D81B0FA6-4BFD-43D8-B6FF-64F6C91F2BDC}.Win8.1 Debug|Win32.ActiveCfg = Debug|Win32
		{D81B0FA6-4BFD-43D8-B6FF-64F6C91F2BDC}.Win8.1 Debug|Win32.Build.0 = Debug|Win32
		{D81B0FA6-4BFD-43D8-B6FF-64F6C91F2BDC}.Win8.1 Debug|x64.ActiveCfg = Debug|Win32
		{D81B0FA6-4BFD-43D8-B6FF-64F6C91F2BDC}.Win8.1 Release|Any CPU.ActiveCfg = Release|Win32
		{D81B0FA6-4BFD-43D8-B6FF-64F6C91F2BDC}.Win8.1 Release|Mixed Platforms.ActiveCfg = Release|Win32
		{D81B0FA6-4BFD-43D8-B6FF-64F6C91F2BDC}.Win8.1 Release|Mixed Platforms.Build.0 = Release|Win32
		{D81B0FA6-4BFD-43D8-B6FF-64F6C91F2BDC}.Win8.1 Release|Mixed Platforms.Deploy.0 = Release|Win32
		{D81B0FA6-4BFD-43D8-B6FF-64F6C91F2BDC}.Win8.1 Release|Win32.ActiveCfg = Release|Win32
		{D81B0FA6-4BFD-43D8-B6FF-64F6C91F2BDC}.Win8.1 Release|Win32.Build.0 = Release|Win32
		{D81B0FA6-4BFD-43D8-B6FF-64F6C91F2BDC}.Win8.1 Release|x64.ActiveCfg = Release|Win32
		{335342DA-22A2-40C3-B4CA-2F1D50D48BE6}.Debug|Any CPU.ActiveCfg = Debug|Win32
		{335342DA-22A2-40C3-B4CA-2F1D50D48BE6}.Debug|Mixed Platforms.ActiveCfg = Debug|Win32
		{335342DA-22A2-40C3-B4CA-2F1D50D48BE6}.Debug|Mixed Platforms.Build.0 = Debug|Win32
		{335342DA-22A2-40C3-B4CA-2F1D50D48BE6}.Debug|Mixed Platforms.Deploy.0 = Debug|Win32
		{335342DA-22A2-40C3-B4CA-2F1D50D48BE6}.Debug|Win32.ActiveCfg = Debug|Win32
		{335342DA-22A2-40C3-B4CA-2F1D50D48BE6}.Debug|Win32.Build.0 = Debug|Win32
		{335342DA-22A2-40C3-B4CA-2F1D50D48BE6}.Debug|Win32.Deploy.0 = Debug|Win32
		{335342DA-22A2-40C3-B4CA-2F1D50D48BE6}.Debug|x64.ActiveCfg = Debug|Win32
		{335342DA-22A2-40C3-B4CA-2F1D50D48BE6}.Release|Any CPU.ActiveCfg = Release|Win32
		{335342DA-22A2-40C3-B4CA-2F1D50D48BE6}.Release|Mixed Platforms.ActiveCfg = Release|Win32
		{335342DA-22A2-40C3-B4CA-2F1D50D48BE6}.Release|Mixed Platforms.Build.0 = Release|Win32
		{335342DA-22A2-40C3-B4CA-2F1D50D48BE6}.Release|Mixed Platforms.Deploy.0 = Release|Win32
		{335342DA-22A2-40C3-B4CA-2F1D50D48BE6}.Release|Win32.ActiveCfg = Release|Win32
		{335342DA-22A2-40C3-B4CA-2F1D50D48BE6}.Release|Win32.Build.0 = Release|Win32
		{335342DA-22A2-40C3-B4CA-2F1D50D48BE6}.Release|Win32.Deploy.0 = Release|Win32
		{335342DA-22A2-40C3-B4CA-2F1D50D48BE6}.Release|x64.ActiveCfg = Release|Win32
		{335342DA-22A2-40C3-B4CA-2F1D50D48BE6}.Win7 Debug|Any CPU.ActiveCfg = Debug|Win32
		{335342DA-22A2-40C3-B4CA-2F1D50D48BE6}.Win7 Debug|Mixed Platforms.ActiveCfg = Debug|Win32
		{335342DA-22A2-40C3-B4CA-2F1D50D48BE6}.Win7 Debug|Mixed Platforms.Build.0 = Debug|Win32
		{335342DA-22A2-40C3-B4CA-2F1D50D48BE6}.Win7 Debug|Mixed Platforms.Deploy.0 = Debug|Win32
		{335342DA-22A2-40C3-B4CA-2F1D50D48BE6}.Win7 Debug|Win32.ActiveCfg = Debug|Win32
		{335342DA-22A2-40C3-B4CA-2F1D50D48BE6}.Win7 Debug|Win32.Build.0 = Debug|Win32
		{335342DA-22A2-40C3-B4CA-2F1D50D48BE6}.Win7 Debug|Win32.Deploy.0 = Debug|Win32
		{335342DA-22A2-40C3-B4CA-2F1D50D48BE6}.Win7 Debug|x64.ActiveCfg = Debug|Win32
		{335342DA-22A2-40C3-B4CA-2F1D50D48BE6}.Win7 Release|Any CPU.ActiveCfg = Release|Win32
		{335342DA-22A2-40C3-B4CA-2F1D50D48BE6}.Win7 Release|Mixed Platforms.ActiveCfg = Release|Win32
		{335342DA-22A2-40C3-B4CA-2F1D50D48BE6}.Win7 Release|Mixed Platforms.Build.0 = Release|Win32
		{335342DA-22A2-40C3-B4CA-2F1D50D48BE6}.Win7 Release|Mixed Platforms.Deploy.0 = Release|Win32
		{335342DA-22A2-40C3-B4CA-2F1D50D48BE6}.Win7 Release|Win32.ActiveCfg = Release|Win32
		{335342DA-22A2-40C3-B4CA-2F1D50D48BE6}.Win7 Release|Win32.Build.0 = Release|Win32
		{335342DA-22A2-40C3-B4CA-2F1D50D48BE6}.Win7 Release|Win32.Deploy.0 = Release|Win32
		{335342DA-22A2-40C3-B4CA-2F1D50D48BE6}.Win7 Release|x64.ActiveCfg = Release|Win32
		{335342DA-22A2-40C3-B4CA-2F1D50D48BE6}.Win8 Debug|Any CPU.ActiveCfg = Debug|Win32
		{335342DA-22A2-40C3-B4CA-2F1D50D48BE6}.Win8 Debug|Mixed Platforms.ActiveCfg = Debug|Win32
		{335342DA-22A2-40C3-B4CA-2F1D50D48BE6}.Win8 Debug|Mixed Platforms.Build.0 = Debug|Win32
		{335342DA-22A2-40C3-B4CA-2F1D50D48BE6}.Win8 Debug|Mixed Platforms.Deploy.0 = Debug|Win32
		{335342DA-22A2-40C3-B4CA-2F1D50D48BE6}.Win8 Debug|Win32.ActiveCfg = Debug|Win32
		{335342DA-22A2-40C3-B4CA-2F1D50D48BE6}.Win8 Debug|Win32.Build.0 = Debug|Win32
		{335342DA-22A2-40C3-B4CA-2F1D50D48BE6}.Win8 Debug|Win32.Deploy.0 = Debug|Win32
		{335342DA-22A2-40C3-B4CA-2F1D50D48BE6}.Win8 Debug|x64.ActiveCfg = Debug|Win32
		{335342DA-22A2-40C3-B4CA-2F1D50D48BE6}.Win8 Release|Any CPU.ActiveCfg = Release|Win32
		{335342DA-22A2-40C3-B4CA-2F1D50D48BE6}.Win8 Release|Mixed Platforms.ActiveCfg = Release|Win32
		{335342DA-22A2-40C3-B4CA-2F1D50D48BE6}.Win8 Release|Mixed Platforms.Build.0 = Release|Win32
		{335342DA-22A2-40C3-B4CA-2F1D50D48BE6}.Win8 Release|Mixed Platforms.Deploy.0 = Release|Win32
		{335342DA-22A2-40C3-B4CA-2F1D50D48BE6}.Win8 Release|Win32.ActiveCfg = Release|Win32
		{335342DA-22A2-40C3-B4CA-2F1D50D48BE6}.Win8 Release|Win32.Build.0 = Release|Win32
		{335342DA-22A2-40C3-B4CA-2F1D50D48BE6}.Win8 Release|Win32.Deploy.0 = Release|Win32
		{335342DA-22A2-40C3-B4CA-2F1D50D48BE6}.Win8 Release|x64.ActiveCfg = Release|Win32
		{335342DA-22A2-40C3-B4CA-2F1D50D48BE6}.Win8.1 Debug|Any CPU.ActiveCfg = Debug|Win32
		{335342DA-22A2-40C3-B4CA-2F1D50D48BE6}.Win8.1 Debug|Mixed Platforms.ActiveCfg = Debug|Win32
		{335342DA-22A2-40C3-B4CA-2F1D50D48BE6}.Win8.1 Debug|Mixed Platforms.Build.0 = Debug|Win32
		{335342DA-22A2-40C3-B4CA-2F1D50D48BE6}.Win8.1 Debug|Mixed Platforms.Deploy.0 = Debug|Win32
		{335342DA-22A2-40C3-B4CA-2F1D50D48BE6}.Win8.1 Debug|Win32.ActiveCfg = Debug|Win32
		{335342DA-22A2-40C3-B4CA-2F1D50D48BE6}.Win8.1 Debug|Win32.Build.0 = Debug|Win32
		{335342DA-22A2-40C3-B4CA-2F1D50D48BE6}.Win8.1 Debug|Win32.Deploy.0 = Debug|Win32
		{335342DA-22A2-40C3-B4CA-2F1D50D48BE6}.Win8.1 Debug|x64.ActiveCfg = Debug|Win32
		{335342DA-22A2-40C3-B4CA-2F1D50D48BE6}.Win8.1 Release|Any CPU.ActiveCfg = Release|Win32
		{335342DA-22A2-40C3-B4CA-2F1D50D48BE6}.Win8.1 Release|Mixed Platforms.ActiveCfg = Release|Win32
		{335342DA-22A2-40C3-B4CA-2F1D50D48BE6}.Win8.1 Release|Mixed Platforms.Build.0 = Release|Win32
		{335342DA-22A2-40C3-B4CA-2F1D50D48BE6}.Win8.1 Release|Mixed Platforms.Deploy.0 = Release|Win32
		{335342DA-22A2-40C3-B4CA-2F1D50D48BE6}.Win8.1 Release|Win32.ActiveCfg = Release|Win32
		{335342DA-22A2-40C3-B4CA-2F1D50D48BE6}.Win8.1 Release|Win32.Build.0 = Release|Win32
		{335342DA-22A2-40C3-B4CA-2F1D50D48BE6}.Win8.1 Release|Win32.Deploy.0 = Release|Win32
		{335342DA-22A2-40C3-B4CA-2F1D50D48BE6}.Win8.1 Release|x64.ActiveCfg = Release|Win32
		{177692F4-2DBC-4738-AE4A-FFB82126FF99}.Debug|Any CPU.ActiveCfg = Debug|Any CPU
		{177692F4-2DBC-4738-AE4A-FFB82126FF99}.Debug|Any CPU.Build.0 = Debug|Any CPU
		{177692F4-2DBC-4738-AE4A-FFB82126FF99}.Debug|Mixed Platforms.ActiveCfg = Debug|Any CPU
		{177692F4-2DBC-4738-AE4A-FFB82126FF99}.Debug|Mixed Platforms.Build.0 = Debug|Any CPU
		{177692F4-2DBC-4738-AE4A-FFB82126FF99}.Debug|Win32.ActiveCfg = Debug|Any CPU
		{177692F4-2DBC-4738-AE4A-FFB82126FF99}.Debug|x64.ActiveCfg = Debug|Any CPU
		{177692F4-2DBC-4738-AE4A-FFB82126FF99}.Release|Any CPU.ActiveCfg = Release|Any CPU
		{177692F4-2DBC-4738-AE4A-FFB82126FF99}.Release|Any CPU.Build.0 = Release|Any CPU
		{177692F4-2DBC-4738-AE4A-FFB82126FF99}.Release|Mixed Platforms.ActiveCfg = Release|Any CPU
		{177692F4-2DBC-4738-AE4A-FFB82126FF99}.Release|Mixed Platforms.Build.0 = Release|Any CPU
		{177692F4-2DBC-4738-AE4A-FFB82126FF99}.Release|Win32.ActiveCfg = Release|Any CPU
		{177692F4-2DBC-4738-AE4A-FFB82126FF99}.Release|x64.ActiveCfg = Release|Any CPU
		{177692F4-2DBC-4738-AE4A-FFB82126FF99}.Win7 Debug|Any CPU.ActiveCfg = Debug|Any CPU
		{177692F4-2DBC-4738-AE4A-FFB82126FF99}.Win7 Debug|Any CPU.Build.0 = Debug|Any CPU
		{177692F4-2DBC-4738-AE4A-FFB82126FF99}.Win7 Debug|Mixed Platforms.ActiveCfg = Debug|Any CPU
		{177692F4-2DBC-4738-AE4A-FFB82126FF99}.Win7 Debug|Mixed Platforms.Build.0 = Debug|Any CPU
		{177692F4-2DBC-4738-AE4A-FFB82126FF99}.Win7 Debug|Win32.ActiveCfg = Debug|Any CPU
		{177692F4-2DBC-4738-AE4A-FFB82126FF99}.Win7 Debug|x64.ActiveCfg = Debug|Any CPU
		{177692F4-2DBC-4738-AE4A-FFB82126FF99}.Win7 Release|Any CPU.ActiveCfg = Release|Any CPU
		{177692F4-2DBC-4738-AE4A-FFB82126FF99}.Win7 Release|Any CPU.Build.0 = Release|Any CPU
		{177692F4-2DBC-4738-AE4A-FFB82126FF99}.Win7 Release|Mixed Platforms.ActiveCfg = Release|Any CPU
		{177692F4-2DBC-4738-AE4A-FFB82126FF99}.Win7 Release|Mixed Platforms.Build.0 = Release|Any CPU
		{177692F4-2DBC-4738-AE4A-FFB82126FF99}.Win7 Release|Win32.ActiveCfg = Release|Any CPU
		{177692F4-2DBC-4738-AE4A-FFB82126FF99}.Win7 Release|x64.ActiveCfg = Release|Any CPU
		{177692F4-2DBC-4738-AE4A-FFB82126FF99}.Win8 Debug|Any CPU.ActiveCfg = Debug|Any CPU
		{177692F4-2DBC-4738-AE4A-FFB82126FF99}.Win8 Debug|Any CPU.Build.0 = Debug|Any CPU
		{177692F4-2DBC-4738-AE4A-FFB82126FF99}.Win8 Debug|Mixed Platforms.ActiveCfg = Debug|Any CPU
		{177692F4-2DBC-4738-AE4A-FFB82126FF99}.Win8 Debug|Mixed Platforms.Build.0 = Debug|Any CPU
		{177692F4-2DBC-4738-AE4A-FFB82126FF99}.Win8 Debug|Win32.ActiveCfg = Debug|Any CPU
		{177692F4-2DBC-4738-AE4A-FFB82126FF99}.Win8 Debug|x64.ActiveCfg = Debug|Any CPU
		{177692F4-2DBC-4738-AE4A-FFB82126FF99}.Win8 Release|Any CPU.ActiveCfg = Release|Any CPU
		{177692F4-2DBC-4738-AE4A-FFB82126FF99}.Win8 Release|Any CPU.Build.0 = Release|Any CPU
		{177692F4-2DBC-4738-AE4A-FFB82126FF99}.Win8 Release|Mixed Platforms.ActiveCfg = Release|Any CPU
		{177692F4-2DBC-4738-AE4A-FFB82126FF99}.Win8 Release|Mixed Platforms.Build.0 = Release|Any CPU
		{177692F4-2DBC-4738-AE4A-FFB82126FF99}.Win8 Release|Win32.ActiveCfg = Release|Any CPU
		{177692F4-2DBC-4738-AE4A-FFB82126FF99}.Win8 Release|x64.ActiveCfg = Release|Any CPU
		{177692F4-2DBC-4738-AE4A-FFB82126FF99}.Win8.1 Debug|Any CPU.ActiveCfg = Debug|Any CPU
		{177692F4-2DBC-4738-AE4A-FFB82126FF99}.Win8.1 Debug|Any CPU.Build.0 = Debug|Any CPU
		{177692F4-2DBC-4738-AE4A-FFB82126FF99}.Win8.1 Debug|Mixed Platforms.ActiveCfg = Debug|Any CPU
		{177692F4-2DBC-4738-AE4A-FFB82126FF99}.Win8.1 Debug|Mixed Platforms.Build.0 = Debug|Any CPU
		{177692F4-2DBC-4738-AE4A-FFB82126FF99}.Win8.1 Debug|Win32.ActiveCfg = Debug|Any CPU
		{177692F4-2DBC-4738-AE4A-FFB82126FF99}.Win8.1 Debug|x64.ActiveCfg = Debug|Any CPU
		{177692F4-2DBC-4738-AE4A-FFB82126FF99}.Win8.1 Release|Any CPU.ActiveCfg = Release|Any CPU
		{177692F4-2DBC-4738-AE4A-FFB82126FF99}.Win8.1 Release|Any CPU.Build.0 = Release|Any CPU
		{177692F4-2DBC-4738-AE4A-FFB82126FF99}.Win8.1 Release|Mixed Platforms.ActiveCfg = Release|Any CPU
		{177692F4-2DBC-4738-AE4A-FFB82126FF99}.Win8.1 Release|Mixed Platforms.Build.0 = Release|Any CPU
		{177692F4-2DBC-4738-AE4A-FFB82126FF99}.Win8.1 Release|Win32.ActiveCfg = Release|Any CPU
		{177692F4-2DBC-4738-AE4A-FFB82126FF99}.Win8.1 Release|x64.ActiveCfg = Release|Any CPU
		{0253E98B-6374-48AA-8740-89BC2939FF77}.Debug|Any CPU.ActiveCfg = Debug|Any CPU
		{0253E98B-6374-48AA-8740-89BC2939FF77}.Debug|Any CPU.Build.0 = Debug|Any CPU
		{0253E98B-6374-48AA-8740-89BC2939FF77}.Debug|Mixed Platforms.ActiveCfg = Debug|Any CPU
		{0253E98B-6374-48AA-8740-89BC2939FF77}.Debug|Mixed Platforms.Build.0 = Debug|Any CPU
		{0253E98B-6374-48AA-8740-89BC2939FF77}.Debug|Win32.ActiveCfg = Debug|Any CPU
		{0253E98B-6374-48AA-8740-89BC2939FF77}.Debug|x64.ActiveCfg = Debug|Any CPU
		{0253E98B-6374-48AA-8740-89BC2939FF77}.Release|Any CPU.ActiveCfg = Release|Any CPU
		{0253E98B-6374-48AA-8740-89BC2939FF77}.Release|Any CPU.Build.0 = Release|Any CPU
		{0253E98B-6374-48AA-8740-89BC2939FF77}.Release|Mixed Platforms.ActiveCfg = Release|Any CPU
		{0253E98B-6374-48AA-8740-89BC2939FF77}.Release|Mixed Platforms.Build.0 = Release|Any CPU
		{0253E98B-6374-48AA-8740-89BC2939FF77}.Release|Win32.ActiveCfg = Release|Any CPU
		{0253E98B-6374-48AA-8740-89BC2939FF77}.Release|x64.ActiveCfg = Release|Any CPU
		{0253E98B-6374-48AA-8740-89BC2939FF77}.Win7 Debug|Any CPU.ActiveCfg = Debug|Any CPU
		{0253E98B-6374-48AA-8740-89BC2939FF77}.Win7 Debug|Any CPU.Build.0 = Debug|Any CPU
		{0253E98B-6374-48AA-8740-89BC2939FF77}.Win7 Debug|Mixed Platforms.ActiveCfg = Debug|Any CPU
		{0253E98B-6374-48AA-8740-89BC2939FF77}.Win7 Debug|Mixed Platforms.Build.0 = Debug|Any CPU
		{0253E98B-6374-48AA-8740-89BC2939FF77}.Win7 Debug|Win32.ActiveCfg = Debug|Any CPU
		{0253E98B-6374-48AA-8740-89BC2939FF77}.Win7 Debug|x64.ActiveCfg = Debug|Any CPU
		{0253E98B-6374-48AA-8740-89BC2939FF77}.Win7 Release|Any CPU.ActiveCfg = Release|Any CPU
		{0253E98B-6374-48AA-8740-89BC2939FF77}.Win7 Release|Any CPU.Build.0 = Release|Any CPU
		{0253E98B-6374-48AA-8740-89BC2939FF77}.Win7 Release|Mixed Platforms.ActiveCfg = Release|Any CPU
		{0253E98B-6374-48AA-8740-89BC2939FF77}.Win7 Release|Mixed Platforms.Build.0 = Release|Any CPU
		{0253E98B-6374-48AA-8740-89BC2939FF77}.Win7 Release|Win32.ActiveCfg = Release|Any CPU
		{0253E98B-6374-48AA-8740-89BC2939FF77}.Win7 Release|x64.ActiveCfg = Release|Any CPU
		{0253E98B-6374-48AA-8740-89BC2939FF77}.Win8 Debug|Any CPU.ActiveCfg = Debug|Any CPU
		{0253E98B-6374-48AA-8740-89BC2939FF77}.Win8 Debug|Any CPU.Build.0 = Debug|Any CPU
		{0253E98B-6374-48AA-8740-89BC2939FF77}.Win8 Debug|Mixed Platforms.ActiveCfg = Debug|Any CPU
		{0253E98B-6374-48AA-8740-89BC2939FF77}.Win8 Debug|Mixed Platforms.Build.0 = Debug|Any CPU
		{0253E98B-6374-48AA-8740-89BC2939FF77}.Win8 Debug|Win32.ActiveCfg = Debug|Any CPU
		{0253E98B-6374-48AA-8740-89BC2939FF77}.Win8 Debug|x64.ActiveCfg = Debug|Any CPU
		{0253E98B-6374-48AA-8740-89BC2939FF77}.Win8 Release|Any CPU.ActiveCfg = Release|Any CPU
		{0253E98B-6374-48AA-8740-89BC2939FF77}.Win8 Release|Any CPU.Build.0 = Release|Any CPU
		{0253E98B-6374-48AA-8740-89BC2939FF77}.Win8 Release|Mixed Platforms.ActiveCfg = Release|Any CPU
		{0253E98B-6374-48AA-8740-89BC2939FF77}.Win8 Release|Mixed Platforms.Build.0 = Release|Any CPU
		{0253E98B-6374-48AA-8740-89BC2939FF77}.Win8 Release|Win32.ActiveCfg = Release|Any CPU
		{0253E98B-6374-48AA-8740-89BC2939FF77}.Win8 Release|x64.ActiveCfg = Release|Any CPU
		{0253E98B-6374-48AA-8740-89BC2939FF77}.Win8.1 Debug|Any CPU.ActiveCfg = Debug|Any CPU
		{0253E98B-6374-48AA-8740-89BC2939FF77}.Win8.1 Debug|Any CPU.Build.0 = Debug|Any CPU
		{0253E98B-6374-48AA-8740-89BC2939FF77}.Win8.1 Debug|Mixed Platforms.ActiveCfg = Debug|Any CPU
		{0253E98B-6374-48AA-8740-89BC2939FF77}.Win8.1 Debug|Mixed Platforms.Build.0 = Debug|Any CPU
		{0253E98B-6374-48AA-8740-89BC2939FF77}.Win8.1 Debug|Win32.ActiveCfg = Debug|Any CPU
		{0253E98B-6374-48AA-8740-89BC2939FF77}.Win8.1 Debug|x64.ActiveCfg = Debug|Any CPU
		{0253E98B-6374-48AA-8740-89BC2939FF77}.Win8.1 Release|Any CPU.ActiveCfg = Release|Any CPU
		{0253E98B-6374-48AA-8740-89BC2939FF77}.Win8.1 Release|Any CPU.Build.0 = Release|Any CPU
		{0253E98B-6374-48AA-8740-89BC2939FF77}.Win8.1 Release|Mixed Platforms.ActiveCfg = Release|Any CPU
		{0253E98B-6374-48AA-8740-89BC2939FF77}.Win8.1 Release|Mixed Platforms.Build.0 = Release|Any CPU
		{0253E98B-6374-48AA-8740-89BC2939FF77}.Win8.1 Release|Win32.ActiveCfg = Release|Any CPU
		{0253E98B-6374-48AA-8740-89BC2939FF77}.Win8.1 Release|x64.ActiveCfg = Release|Any CPU
	EndGlobalSection
	GlobalSection(SolutionProperties) = preSolution
		HideSolutionNode = FALSE
	EndGlobalSection
	GlobalSection(NestedProjects) = preSolution
		{64239512-DEAE-43CB-98CD-138B1736E3D7} = {C6F8F244-D951-4C76-A76B-B70584C3B998}
		{D9CEACE3-0124-4F6E-B0A0-897CA4D04A9F} = {405D1812-232B-4A28-8546-DB82A343E7EA}
		{335342DA-22A2-40C3-B4CA-2F1D50D48BE6} = {C9133956-C8AE-4875-8614-3A5FD87FDD14}
		{177692F4-2DBC-4738-AE4A-FFB82126FF99} = {C9133956-C8AE-4875-8614-3A5FD87FDD14}
		{0253E98B-6374-48AA-8740-89BC2939FF77} = {C9133956-C8AE-4875-8614-3A5FD87FDD14}
	EndGlobalSection
EndGlobal
